
Microsoft Visual Studio Solution File, Format Version 12.00
# Visual Studio 15
VisualStudioVersion = 15.0.27703.2035
MinimumVisualStudioVersion = 10.0.40219.1
Project("{FAE04EC0-301F-11D3-BF4B-00C04F79EFBC}") = "PokerHandEvaluator", "PokerHandEvaluator\PokerHandEvaluator.csproj", "{06DEA3D1-A370-4A68-87C5-04D61D4CF93A}"
EndProject
Global
	GlobalSection(SolutionConfigurationPlatforms) = preSolution
		Debug|Any CPU = Debug|Any CPU
		Release|Any CPU = Release|Any CPU
	EndGlobalSection
	GlobalSection(ProjectConfigurationPlatforms) = postSolution
		{06DEA3D1-A370-4A68-87C5-04D61D4CF93A}.Debug|Any CPU.ActiveCfg = Debug|Any CPU
		{06DEA3D1-A370-4A68-87C5-04D61D4CF93A}.Debug|Any CPU.Build.0 = Debug|Any CPU
		{06DEA3D1-A370-4A68-87C5-04D61D4CF93A}.Release|Any CPU.ActiveCfg = Release|Any CPU
		{06DEA3D1-A370-4A68-87C5-04D61D4CF93A}.Release|Any CPU.Build.0 = Release|Any CPU
	EndGlobalSection
	GlobalSection(SolutionProperties) = preSolution
		HideSolutionNode = FALSE
	EndGlobalSection
	GlobalSection(ExtensibilityGlobals) = postSolution
		SolutionGuid = {264AFC45-9D5B-4839-A843-DBFF711A6798}
	EndGlobalSection
EndGlobal
